// !$*UTF8*$!
{
	archiveVersion = 1;
	classes = {
	};
	objectVersion = 46;
	objects = {

/* Begin PBXBuildFile section */
		472859B11E5EE74F004014BF /* AppDelegate.swift in Sources */ = {isa = PBXBuildFile; fileRef = 472859B01E5EE74F004014BF /* AppDelegate.swift */; };
		472859B31E5EE74F004014BF /* ViewController.swift in Sources */ = {isa = PBXBuildFile; fileRef = 472859B21E5EE74F004014BF /* ViewController.swift */; };
		472859B61E5EE74F004014BF /* Main.storyboard in Resources */ = {isa = PBXBuildFile; fileRef = 472859B41E5EE74F004014BF /* Main.storyboard */; };
		472859B81E5EE74F004014BF /* Assets.xcassets in Resources */ = {isa = PBXBuildFile; fileRef = 472859B71E5EE74F004014BF /* Assets.xcassets */; };
		472859BB1E5EE74F004014BF /* LaunchScreen.storyboard in Resources */ = {isa = PBXBuildFile; fileRef = 472859B91E5EE74F004014BF /* LaunchScreen.storyboard */; };
/* End PBXBuildFile section */

/* Begin PBXFileReference section */
		472859AD1E5EE74F004014BF /* CookBook 1952.app */ = {isa = PBXFileReference; explicitFileType = wrapper.application; includeInIndex = 0; path = "CookBook 1952.app"; sourceTree = BUILT_PRODUCTS_DIR; };
		472859B01E5EE74F004014BF /* AppDelegate.swift */ = {isa = PBXFileReference; lastKnownFileType = sourcecode.swift; path = AppDelegate.swift; sourceTree = "<group>"; };
		472859B21E5EE74F004014BF /* ViewController.swift */ = {isa = PBXFileReference; lastKnownFileType = sourcecode.swift; path = ViewController.swift; sourceTree = "<group>"; };
		472859B51E5EE74F004014BF /* Base */ = {isa = PBXFileReference; lastKnownFileType = file.storyboard; name = Base; path = Base.lproj/Main.storyboard; sourceTree = "<group>"; };
		472859B71E5EE74F004014BF /* Assets.xcassets */ = {isa = PBXFileReference; lastKnownFileType = folder.assetcatalog; path = Assets.xcassets; sourceTree = "<group>"; };
		472859BA1E5EE74F004014BF /* Base */ = {isa = PBXFileReference; lastKnownFileType = file.storyboard; name = Base; path = Base.lproj/LaunchScreen.storyboard; sourceTree = "<group>"; };
		472859BC1E5EE74F004014BF /* Info.plist */ = {isa = PBXFileReference; lastKnownFileType = text.plist.xml; path = Info.plist; sourceTree = "<group>"; };
/* End PBXFileReference section */

/* Begin PBXFrameworksBuildPhase section */
		472859AA1E5EE74F004014BF /* Frameworks */ = {
			isa = PBXFrameworksBuildPhase;
			buildActionMask = 2147483647;
			files = (
			);
			runOnlyForDeploymentPostprocessing = 0;
		};
/* End PBXFrameworksBuildPhase section */

/* Begin PBXGroup section */
		472859A41E5EE74F004014BF = {
			isa = PBXGroup;
			children = (
				472859AF1E5EE74F004014BF /* CookBook 1952 */,
				472859AE1E5EE74F004014BF /* Products */,
			);
			sourceTree = "<group>";
		};
		472859AE1E5EE74F004014BF /* Products */ = {
			isa = PBXGroup;
			children = (
				472859AD1E5EE74F004014BF /* CookBook 1952.app */,
			);
			name = Products;
			sourceTree = "<group>";
		};
		472859AF1E5EE74F004014BF /* CookBook 1952 */ = {
			isa = PBXGroup;
			children = (
				472859B01E5EE74F004014BF /* AppDelegate.swift */,
				472859B21E5EE74F004014BF /* ViewController.swift */,
				472859B41E5EE74F004014BF /* Main.storyboard */,
				472859B71E5EE74F004014BF /* Assets.xcassets */,
				472859B91E5EE74F004014BF /* LaunchScreen.storyboard */,
				472859BC1E5EE74F004014BF /* Info.plist */,
			);
			path = "CookBook 1952";
			sourceTree = "<group>";
		};
/* End PBXGroup section */

/* Begin PBXNativeTarget section */
		472859AC1E5EE74F004014BF /* CookBook 1952 */ = {
			isa = PBXNativeTarget;
			buildConfigurationList = 472859BF1E5EE74F004014BF /* Build configuration list for PBXNativeTarget "CookBook 1952" */;
			buildPhases = (
				472859A91E5EE74F004014BF /* Sources */,
				472859AA1E5EE74F004014BF /* Frameworks */,
				472859AB1E5EE74F004014BF /* Resources */,
			);
			buildRules = (
			);
			dependencies = (
			);
			name = "CookBook 1952";
			productName = "CookBook 1952";
			productReference = 472859AD1E5EE74F004014BF /* CookBook 1952.app */;
			productType = "com.apple.product-type.application";
		};
/* End PBXNativeTarget section */

/* Begin PBXProject section */
		472859A51E5EE74F004014BF /* Project object */ = {
			isa = PBXProject;
			attributes = {
				LastSwiftUpdateCheck = 0830;
				LastUpgradeCheck = 0830;
				ORGANIZATIONNAME = "Oleg Kalinkin";
				TargetAttributes = {
					472859AC1E5EE74F004014BF = {
						CreatedOnToolsVersion = 8.3;
						DevelopmentTeam = KT5ZEWW46Z;
						ProvisioningStyle = Automatic;
					};
				};
			};
			buildConfigurationList = 472859A81E5EE74F004014BF /* Build configuration list for PBXProject "CookBook 1952" */;
			compatibilityVersion = "Xcode 3.2";
			developmentRegion = English;
			hasScannedForEncodings = 0;
			knownRegions = (
				en,
				Base,
			);
			mainGroup = 472859A41E5EE74F004014BF;
			productRefGroup = 472859AE1E5EE74F004014BF /* Products */;
			projectDirPath = "";
			projectRoot = "";
			targets = (
				472859AC1E5EE74F004014BF /* CookBook 1952 */,
			);
		};
/* End PBXProject section */

/* Begin PBXResourcesBuildPhase section */
		472859AB1E5EE74F004014BF /* Resources */ = {
			isa = PBXResourcesBuildPhase;
			buildActionMask = 2147483647;
			files = (
				472859BB1E5EE74F004014BF /* LaunchScreen.storyboard in Resources */,
				472859B81E5EE74F004014BF /* Assets.xcassets in Resources */,
				472859B61E5EE74F004014BF /* Main.storyboard in Resources */,
			);
			runOnlyForDeploymentPostprocessing = 0;
		};
/* End PBXResourcesBuildPhase section */

/* Begin PBXSourcesBuildPhase section */
		472859A91E5EE74F004014BF /* Sources */ = {
			isa = PBXSourcesBuildPhase;
			buildActionMask = 2147483647;
			files = (
				472859B31E5EE74F004014BF /* ViewController.swift in Sources */,
				472859B11E5EE74F004014BF /* AppDelegate.swift in Sources */,
			);
			runOnlyForDeploymentPostprocessing = 0;
		};
/* End PBXSourcesBuildPhase section */

/* Begin PBXVariantGroup section */
		472859B41E5EE74F004014BF /* Main.storyboard */ = {
			isa = PBXVariantGroup;
			children = (
				472859B51E5EE74F004014BF /* Base */,
			);
			name = Main.storyboard;
			sourceTree = "<group>";
		};
		472859B91E5EE74F004014BF /* LaunchScreen.storyboard */ = {
			isa = PBXVariantGroup;
			children = (
				472859BA1E5EE74F004014BF /* Base */,
			);
			name = LaunchScreen.storyboard;
			sourceTree = "<group>";
		};
/* End PBXVariantGroup section */

/* Begin XCBuildConfiguration section */
		472859BD1E5EE74F004014BF /* Debug */ = {
			isa = XCBuildConfiguration;
			buildSettings = {
				ALWAYS_SEARCH_USER_PATHS = NO;
				CLANG_ANALYZER_NONNULL = YES;
				CLANG_ANALYZER_NUMBER_OBJECT_CONVERSION = YES_AGGRESSIVE;
				CLANG_CXX_LANGUAGE_STANDARD = "gnu++0x";
				CLANG_CXX_LIBRARY = "libc++";
				CLANG_ENABLE_MODULES = YES;
				CLANG_ENABLE_OBJC_ARC = YES;
				CLANG_WARN_BOOL_CONVERSION = YES;
				CLANG_WARN_CONSTANT_CONVERSION = YES;
				CLANG_WARN_DIRECT_OBJC_ISA_USAGE = YES_ERROR;
				CLANG_WARN_DOCUMENTATION_COMMENTS = YES;
				CLANG_WARN_EMPTY_BODY = YES;
				CLANG_WARN_ENUM_CONVERSION = YES;
				CLANG_WARN_INFINITE_RECURSION = YES;
				CLANG_WARN_INT_CONVERSION = YES;
				CLANG_WARN_OBJC_ROOT_CLASS = YES_ERROR;
				CLANG_WARN_SUSPICIOUS_MOVE = YES;
				CLANG_WARN_UNREACHABLE_CODE = YES;
				CLANG_WARN__DUPLICATE_METHOD_MATCH = YES;
				"CODE_SIGN_IDENTITY[sdk=iphoneos*]" = "iPhone Developer";
				COPY_PHASE_STRIP = NO;
				DEBUG_INFORMATION_FORMAT = dwarf;
				ENABLE_STRICT_OBJC_MSGSEND = YES;
				ENABLE_TESTABILITY = YES;
				GCC_C_LANGUAGE_STANDARD = gnu99;
				GCC_DYNAMIC_NO_PIC = NO;
				GCC_NO_COMMON_BLOCKS = YES;
				GCC_OPTIMIZATION_LEVEL = 0;
				GCC_PREPROCESSOR_DEFINITIONS = (
					"DEBUG=1",
					"$(inherited)",
				);
				GCC_WARN_64_TO_32_BIT_CONVERSION = YES;
				GCC_WARN_ABOUT_RETURN_TYPE = YES_ERROR;
				GCC_WARN_UNDECLARED_SELECTOR = YES;
				GCC_WARN_UNINITIALIZED_AUTOS = YES_AGGRESSIVE;
				GCC_WARN_UNUSED_FUNCTION = YES;
				GCC_WARN_UNUSED_VARIABLE = YES;
				IPHONEOS_DEPLOYMENT_TARGET = 10.3;
				MTL_ENABLE_DEBUG_INFO = YES;
				ONLY_ACTIVE_ARCH = YES;
				SDKROOT = iphoneos;
				SWIFT_ACTIVE_COMPILATION_CONDITIONS = DEBUG;
				SWIFT_OPTIMIZATION_LEVEL = "-Onone";
				TARGETED_DEVICE_FAMILY = "1,2";
			};
			name = Debug;
		};
		472859BE1E5EE74F004014BF /* Release */ = {
			isa = XCBuildConfiguration;
			buildSettings = {
				ALWAYS_SEARCH_USER_PATHS = NO;
				CLANG_ANALYZER_NONNULL = YES;
				CLANG_ANALYZER_NUMBER_OBJECT_CONVERSION = YES_AGGRESSIVE;
				CLANG_CXX_LANGUAGE_STANDARD = "gnu++0x";
				CLANG_CXX_LIBRARY = "libc++";
				CLANG_ENABLE_MODULES = YES;
				CLANG_ENABLE_OBJC_ARC = YES;
				CLANG_WARN_BOOL_CONVERSION = YES;
				CLANG_WARN_CONSTANT_CONVERSION = YES;
				CLANG_WARN_DIRECT_OBJC_ISA_USAGE = YES_ERROR;
				CLANG_WARN_DOCUMENTATION_COMMENTS = YES;
				CLANG_WARN_EMPTY_BODY = YES;
				CLANG_WARN_ENUM_CONVERSION = YES;
				CLANG_WARN_INFINITE_RECURSION = YES;
				CLANG_WARN_INT_CONVERSION = YES;
				CLANG_WARN_OBJC_ROOT_CLASS = YES_ERROR;
				CLANG_WARN_SUSPICIOUS_MOVE = YES;
				CLANG_WARN_UNREACHABLE_CODE = YES;
				CLANG_WARN__DUPLICATE_METHOD_MATCH = YES;
				"CODE_SIGN_IDENTITY[sdk=iphoneos*]" = "iPhone Developer";
				COPY_PHASE_STRIP = NO;
				DEBUG_INFORMATION_FORMAT = "dwarf-with-dsym";
				ENABLE_NS_ASSERTIONS = NO;
				ENABLE_STRICT_OBJC_MSGSEND = YES;
				GCC_C_LANGUAGE_STANDARD = gnu99;
				GCC_NO_COMMON_BLOCKS = YES;
				GCC_WARN_64_TO_32_BIT_CONVERSION = YES;
				GCC_WARN_ABOUT_RETURN_TYPE = YES_ERROR;
				GCC_WARN_UNDECLARED_SELECTOR = YES;
				GCC_WARN_UNINITIALIZED_AUTOS = YES_AGGRESSIVE;
				GCC_WARN_UNUSED_FUNCTION = YES;
				GCC_WARN_UNUSED_VARIABLE = YES;
				IPHONEOS_DEPLOYMENT_TARGET = 10.3;
				MTL_ENABLE_DEBUG_INFO = NO;
				SDKROOT = iphoneos;
				SWIFT_OPTIMIZATION_LEVEL = "-Owholemodule";
				TARGETED_DEVICE_FAMILY = "1,2";
				VALIDATE_PRODUCT = YES;
			};
			name = Release;
		};
		472859C01E5EE74F004014BF /* Debug */ = {
			isa = XCBuildConfiguration;
			buildSettings = {
				ASSETCATALOG_COMPILER_APPICON_NAME = AppIcon;
				CODE_SIGN_IDENTITY = "iPhone Developer";
				"CODE_SIGN_IDENTITY[sdk=iphoneos*]" = "iPhone Developer";
				DEVELOPMENT_TEAM = KT5ZEWW46Z;
				INFOPLIST_FILE = "CookBook 1952/Info.plist";
				LD_RUNPATH_SEARCH_PATHS = "$(inherited) @executable_path/Frameworks";
				PRODUCT_BUNDLE_IDENTIFIER = "OLK.CookBook-1952";
				PRODUCT_NAME = "$(TARGET_NAME)";
				PROVISIONING_PROFILE_SPECIFIER = "";
				SWIFT_VERSION = 3.0;
			};
			name = Debug;
		};
		472859C11E5EE74F004014BF /* Release */ = {
			isa = XCBuildConfiguration;
			buildSettings = {
				ASSETCATALOG_COMPILER_APPICON_NAME = AppIcon;
				CODE_SIGN_IDENTITY = "iPhone Developer";
				"CODE_SIGN_IDENTITY[sdk=iphoneos*]" = "iPhone Developer";
				DEVELOPMENT_TEAM = KT5ZEWW46Z;
				INFOPLIST_FILE = "CookBook 1952/Info.plist";
				LD_RUNPATH_SEARCH_PATHS = "$(inherited) @executable_path/Frameworks";
				PRODUCT_BUNDLE_IDENTIFIER = "OLK.CookBook-1952";
				PRODUCT_NAME = "$(TARGET_NAME)";
				PROVISIONING_PROFILE_SPECIFIER = "";
				SWIFT_VERSION = 3.0;
			};
			name = Release;
		};
/* End XCBuildConfiguration section */

/* Begin XCConfigurationList section */
		472859A81E5EE74F004014BF /* Build configuration list for PBXProject "CookBook 1952" */ = {
			isa = XCConfigurationList;
			buildConfigurations = (
				472859BD1E5EE74F004014BF /* Debug */,
				472859BE1E5EE74F004014BF /* Release */,
			);
			defaultConfigurationIsVisible = 0;
			defaultConfigurationName = Release;
		};
		472859BF1E5EE74F004014BF /* Build configuration list for PBXNativeTarget "CookBook 1952" */ = {
			isa = XCConfigurationList;
			buildConfigurations = (
				472859C01E5EE74F004014BF /* Debug */,
				472859C11E5EE74F004014BF /* Release */,
			);
			defaultConfigurationIsVisible = 0;
			defaultConfigurationName = Release;
		};
/* End XCConfigurationList section */
	};
	rootObject = 472859A51E5EE74F004014BF /* Project object */;
}
